// !$*UTF8*$!
{
	archiveVersion = 1;
	classes = {
	};
	objectVersion = 46;
	objects = {

/* Begin PBXBuildFile section */
		600FD3E3169FB4FA00277B06 /* UIKit.framework in Frameworks */ = {isa = PBXBuildFile; fileRef = 600FD3E2169FB4FA00277B06 /* UIKit.framework */; };
		600FD3E5169FB4FA00277B06 /* Foundation.framework in Frameworks */ = {isa = PBXBuildFile; fileRef = 600FD3E4169FB4FA00277B06 /* Foundation.framework */; };
		600FD3E7169FB4FA00277B06 /* CoreGraphics.framework in Frameworks */ = {isa = PBXBuildFile; fileRef = 600FD3E6169FB4FA00277B06 /* CoreGraphics.framework */; };
		600FD3ED169FB4FA00277B06 /* InfoPlist.strings in Resources */ = {isa = PBXBuildFile; fileRef = 600FD3EB169FB4FA00277B06 /* InfoPlist.strings */; };
		600FD3EF169FB4FA00277B06 /* main.m in Sources */ = {isa = PBXBuildFile; fileRef = 600FD3EE169FB4FA00277B06 /* main.m */; };
		600FD3F3169FB4FA00277B06 /* AppDelegate.m in Sources */ = {isa = PBXBuildFile; fileRef = 600FD3F2169FB4FA00277B06 /* AppDelegate.m */; };
		600FD3F5169FB4FA00277B06 /* Default.png in Resources */ = {isa = PBXBuildFile; fileRef = 600FD3F4169FB4FA00277B06 /* Default.png */; };
		600FD3F7169FB4FA00277B06 /* Default@2x.png in Resources */ = {isa = PBXBuildFile; fileRef = 600FD3F6169FB4FA00277B06 /* Default@2x.png */; };
		600FD3F9169FB4FA00277B06 /* Default-568h@2x.png in Resources */ = {isa = PBXBuildFile; fileRef = 600FD3F8169FB4FA00277B06 /* Default-568h@2x.png */; };
		600FD3FC169FB4FA00277B06 /* ViewController.m in Sources */ = {isa = PBXBuildFile; fileRef = 600FD3FB169FB4FA00277B06 /* ViewController.m */; };
		600FD3FF169FB4FB00277B06 /* ViewController.xib in Resources */ = {isa = PBXBuildFile; fileRef = 600FD3FD169FB4FB00277B06 /* ViewController.xib */; };
/* End PBXBuildFile section */

/* Begin PBXFileReference section */
		600FD3DE169FB4FA00277B06 /* GitX.app */ = {isa = PBXFileReference; explicitFileType = wrapper.application; includeInIndex = 0; path = GitX.app; sourceTree = BUILT_PRODUCTS_DIR; };
		600FD3E2169FB4FA00277B06 /* UIKit.framework */ = {isa = PBXFileReference; lastKnownFileType = wrapper.framework; name = UIKit.framework; path = System/Library/Frameworks/UIKit.framework; sourceTree = SDKROOT; };
		600FD3E4169FB4FA00277B06 /* Foundation.framework */ = {isa = PBXFileReference; lastKnownFileType = wrapper.framework; name = Foundation.framework; path = System/Library/Frameworks/Foundation.framework; sourceTree = SDKROOT; };
		600FD3E6169FB4FA00277B06 /* CoreGraphics.framework */ = {isa = PBXFileReference; lastKnownFileType = wrapper.framework; name = CoreGraphics.framework; path = System/Library/Frameworks/CoreGraphics.framework; sourceTree = SDKROOT; };
		600FD3EA169FB4FA00277B06 /* GitX-Info.plist */ = {isa = PBXFileReference; lastKnownFileType = text.plist.xml; path = "GitX-Info.plist"; sourceTree = "<group>"; };
		600FD3EC169FB4FA00277B06 /* en */ = {isa = PBXFileReference; lastKnownFileType = text.plist.strings; name = en; path = en.lproj/InfoPlist.strings; sourceTree = "<group>"; };
		600FD3EE169FB4FA00277B06 /* main.m */ = {isa = PBXFileReference; lastKnownFileType = sourcecode.c.objc; path = main.m; sourceTree = "<group>"; };
		600FD3F0169FB4FA00277B06 /* GitX-Prefix.pch */ = {isa = PBXFileReference; lastKnownFileType = sourcecode.c.h; path = "GitX-Prefix.pch"; sourceTree = "<group>"; };
		600FD3F1169FB4FA00277B06 /* AppDelegate.h */ = {isa = PBXFileReference; lastKnownFileType = sourcecode.c.h; path = AppDelegate.h; sourceTree = "<group>"; };
		600FD3F2169FB4FA00277B06 /* AppDelegate.m */ = {isa = PBXFileReference; lastKnownFileType = sourcecode.c.objc; path = AppDelegate.m; sourceTree = "<group>"; };
		600FD3F4169FB4FA00277B06 /* Default.png */ = {isa = PBXFileReference; lastKnownFileType = image.png; path = Default.png; sourceTree = "<group>"; };
		600FD3F6169FB4FA00277B06 /* Default@2x.png */ = {isa = PBXFileReference; lastKnownFileType = image.png; path = "Default@2x.png"; sourceTree = "<group>"; };
		600FD3F8169FB4FA00277B06 /* Default-568h@2x.png */ = {isa = PBXFileReference; lastKnownFileType = image.png; path = "Default-568h@2x.png"; sourceTree = "<group>"; };
		600FD3FA169FB4FA00277B06 /* ViewController.h */ = {isa = PBXFileReference; lastKnownFileType = sourcecode.c.h; path = ViewController.h; sourceTree = "<group>"; };
		600FD3FB169FB4FA00277B06 /* ViewController.m */ = {isa = PBXFileReference; lastKnownFileType = sourcecode.c.objc; path = ViewController.m; sourceTree = "<group>"; };
		600FD3FE169FB4FB00277B06 /* en */ = {isa = PBXFileReference; lastKnownFileType = file.xib; name = en; path = en.lproj/ViewController.xib; sourceTree = "<group>"; };
/* End PBXFileReference section */

/* Begin PBXFrameworksBuildPhase section */
		600FD3DB169FB4FA00277B06 /* Frameworks */ = {
			isa = PBXFrameworksBuildPhase;
			buildActionMask = 2147483647;
			files = (
				600FD3E3169FB4FA00277B06 /* UIKit.framework in Frameworks */,
				600FD3E5169FB4FA00277B06 /* Foundation.framework in Frameworks */,
				600FD3E7169FB4FA00277B06 /* CoreGraphics.framework in Frameworks */,
			);
			runOnlyForDeploymentPostprocessing = 0;
		};
/* End PBXFrameworksBuildPhase section */

/* Begin PBXGroup section */
		600FD3D3169FB4FA00277B06 = {
			isa = PBXGroup;
			children = (
				600FD3E8169FB4FA00277B06 /* GitX */,
				600FD3E1169FB4FA00277B06 /* Frameworks */,
				600FD3DF169FB4FA00277B06 /* Products */,
			);
			sourceTree = "<group>";
		};
		600FD3DF169FB4FA00277B06 /* Products */ = {
			isa = PBXGroup;
			children = (
				600FD3DE169FB4FA00277B06 /* GitX.app */,
			);
			name = Products;
			sourceTree = "<group>";
		};
		600FD3E1169FB4FA00277B06 /* Frameworks */ = {
			isa = PBXGroup;
			children = (
				600FD3E2169FB4FA00277B06 /* UIKit.framework */,
				600FD3E4169FB4FA00277B06 /* Foundation.framework */,
				600FD3E6169FB4FA00277B06 /* CoreGraphics.framework */,
			);
			name = Frameworks;
			sourceTree = "<group>";
		};
		600FD3E8169FB4FA00277B06 /* GitX */ = {
			isa = PBXGroup;
			children = (
				600FD3F1169FB4FA00277B06 /* AppDelegate.h */,
				600FD3F2169FB4FA00277B06 /* AppDelegate.m */,
				600FD3FA169FB4FA00277B06 /* ViewController.h */,
				600FD3FB169FB4FA00277B06 /* ViewController.m */,
				600FD3FD169FB4FB00277B06 /* ViewController.xib */,
				600FD3E9169FB4FA00277B06 /* Supporting Files */,
			);
			path = GitX;
			sourceTree = "<group>";
		};
		600FD3E9169FB4FA00277B06 /* Supporting Files */ = {
			isa = PBXGroup;
			children = (
				600FD3EA169FB4FA00277B06 /* GitX-Info.plist */,
				600FD3EB169FB4FA00277B06 /* InfoPlist.strings */,
				600FD3EE169FB4FA00277B06 /* main.m */,
				600FD3F0169FB4FA00277B06 /* GitX-Prefix.pch */,
				600FD3F4169FB4FA00277B06 /* Default.png */,
				600FD3F6169FB4FA00277B06 /* Default@2x.png */,
				600FD3F8169FB4FA00277B06 /* Default-568h@2x.png */,
			);
			name = "Supporting Files";
			sourceTree = "<group>";
		};
/* End PBXGroup section */

/* Begin PBXNativeTarget section */
		600FD3DD169FB4FA00277B06 /* GitX */ = {
			isa = PBXNativeTarget;
			buildConfigurationList = 600FD402169FB4FB00277B06 /* Build configuration list for PBXNativeTarget "GitX" */;
			buildPhases = (
				600FD3DA169FB4FA00277B06 /* Sources */,
				600FD3DB169FB4FA00277B06 /* Frameworks */,
				600FD3DC169FB4FA00277B06 /* Resources */,
			);
			buildRules = (
			);
			dependencies = (
			);
			name = GitX;
			productName = GitX;
			productReference = 600FD3DE169FB4FA00277B06 /* GitX.app */;
			productType = "com.apple.product-type.application";
		};
/* End PBXNativeTarget section */

/* Begin PBXProject section */
		600FD3D5169FB4FA00277B06 /* Project object */ = {
			isa = PBXProject;
			attributes = {
				LastUpgradeCheck = 0450;
				ORGANIZATIONNAME = "Cys-iOS dev";
			};
			buildConfigurationList = 600FD3D8169FB4FA00277B06 /* Build configuration list for PBXProject "GitX" */;
			compatibilityVersion = "Xcode 3.2";
			developmentRegion = English;
			hasScannedForEncodings = 0;
			knownRegions = (
				en,
			);
			mainGroup = 600FD3D3169FB4FA00277B06;
			productRefGroup = 600FD3DF169FB4FA00277B06 /* Products */;
			projectDirPath = "";
			projectRoot = "";
			targets = (
				600FD3DD169FB4FA00277B06 /* GitX */,
			);
		};
/* End PBXProject section */

/* Begin PBXResourcesBuildPhase section */
		600FD3DC169FB4FA00277B06 /* Resources */ = {
			isa = PBXResourcesBuildPhase;
			buildActionMask = 2147483647;
			files = (
				600FD3ED169FB4FA00277B06 /* InfoPlist.strings in Resources */,
				600FD3F5169FB4FA00277B06 /* Default.png in Resources */,
				600FD3F7169FB4FA00277B06 /* Default@2x.png in Resources */,
				600FD3F9169FB4FA00277B06 /* Default-568h@2x.png in Resources */,
				600FD3FF169FB4FB00277B06 /* ViewController.xib in Resources */,
			);
			runOnlyForDeploymentPostprocessing = 0;
		};
/* End PBXResourcesBuildPhase section */

/* Begin PBXSourcesBuildPhase section */
		600FD3DA169FB4FA00277B06 /* Sources */ = {
			isa = PBXSourcesBuildPhase;
			buildActionMask = 2147483647;
			files = (
				600FD3EF169FB4FA00277B06 /* main.m in Sources */,
				600FD3F3169FB4FA00277B06 /* AppDelegate.m in Sources */,
				600FD3FC169FB4FA00277B06 /* ViewController.m in Sources */,
			);
			runOnlyForDeploymentPostprocessing = 0;
		};
/* End PBXSourcesBuildPhase section */

/* Begin PBXVariantGroup section */
		600FD3EB169FB4FA00277B06 /* InfoPlist.strings */ = {
			isa = PBXVariantGroup;
			children = (
				600FD3EC169FB4FA00277B06 /* en */,
			);
			name = InfoPlist.strings;
			sourceTree = "<group>";
		};
		600FD3FD169FB4FB00277B06 /* ViewController.xib */ = {
			isa = PBXVariantGroup;
			children = (
				600FD3FE169FB4FB00277B06 /* en */,
			);
			name = ViewController.xib;
			sourceTree = "<group>";
		};
/* End PBXVariantGroup section */

/* Begin XCBuildConfiguration section */
		600FD400169FB4FB00277B06 /* Debug */ = {
			isa = XCBuildConfiguration;
			buildSettings = {
				ALWAYS_SEARCH_USER_PATHS = NO;
				CLANG_CXX_LANGUAGE_STANDARD = "gnu++0x";
				CLANG_CXX_LIBRARY = "libc++";
				CLANG_ENABLE_OBJC_ARC = YES;
				CLANG_WARN_EMPTY_BODY = YES;
				CLANG_WARN__DUPLICATE_METHOD_MATCH = YES;
				"CODE_SIGN_IDENTITY[sdk=iphoneos*]" = "iPhone Developer";
				COPY_PHASE_STRIP = NO;
				GCC_C_LANGUAGE_STANDARD = gnu99;
				GCC_DYNAMIC_NO_PIC = NO;
				GCC_OPTIMIZATION_LEVEL = 0;
				GCC_PREPROCESSOR_DEFINITIONS = (
					"DEBUG=1",
					"$(inherited)",
				);
				GCC_SYMBOLS_PRIVATE_EXTERN = NO;
				GCC_WARN_ABOUT_RETURN_TYPE = YES;
				GCC_WARN_UNINITIALIZED_AUTOS = YES;
				GCC_WARN_UNUSED_VARIABLE = YES;
				IPHONEOS_DEPLOYMENT_TARGET = 6.0;
				ONLY_ACTIVE_ARCH = YES;
				SDKROOT = iphoneos;
			};
			name = Debug;
		};
		600FD401169FB4FB00277B06 /* Release */ = {
			isa = XCBuildConfiguration;
			buildSettings = {
				ALWAYS_SEARCH_USER_PATHS = NO;
				CLANG_CXX_LANGUAGE_STANDARD = "gnu++0x";
				CLANG_CXX_LIBRARY = "libc++";
				CLANG_ENABLE_OBJC_ARC = YES;
				CLANG_WARN_EMPTY_BODY = YES;
				CLANG_WARN__DUPLICATE_METHOD_MATCH = YES;
				"CODE_SIGN_IDENTITY[sdk=iphoneos*]" = "iPhone Developer";
				COPY_PHASE_STRIP = YES;
				GCC_C_LANGUAGE_STANDARD = gnu99;
				GCC_WARN_ABOUT_RETURN_TYPE = YES;
				GCC_WARN_UNINITIALIZED_AUTOS = YES;
				GCC_WARN_UNUSED_VARIABLE = YES;
				IPHONEOS_DEPLOYMENT_TARGET = 6.0;
				OTHER_CFLAGS = "-DNS_BLOCK_ASSERTIONS=1";
				SDKROOT = iphoneos;
				VALIDATE_PRODUCT = YES;
			};
			name = Release;
		};
		600FD403169FB4FB00277B06 /* Debug */ = {
			isa = XCBuildConfiguration;
			buildSettings = {
				GCC_PRECOMPILE_PREFIX_HEADER = YES;
				GCC_PREFIX_HEADER = "GitX/GitX-Prefix.pch";
				INFOPLIST_FILE = "GitX/GitX-Info.plist";
				PRODUCT_NAME = "$(TARGET_NAME)";
				WRAPPER_EXTENSION = app;
			};
			name = Debug;
		};
		600FD404169FB4FB00277B06 /* Release */ = {
			isa = XCBuildConfiguration;
			buildSettings = {
				GCC_PRECOMPILE_PREFIX_HEADER = YES;
				GCC_PREFIX_HEADER = "GitX/GitX-Prefix.pch";
				INFOPLIST_FILE = "GitX/GitX-Info.plist";
				PRODUCT_NAME = "$(TARGET_NAME)";
				WRAPPER_EXTENSION = app;
			};
			name = Release;
		};
/* End XCBuildConfiguration section */

/* Begin XCConfigurationList section */
		600FD3D8169FB4FA00277B06 /* Build configuration list for PBXProject "GitX" */ = {
			isa = XCConfigurationList;
			buildConfigurations = (
				600FD400169FB4FB00277B06 /* Debug */,
				600FD401169FB4FB00277B06 /* Release */,
			);
			defaultConfigurationIsVisible = 0;
			defaultConfigurationName = Release;
		};
		600FD402169FB4FB00277B06 /* Build configuration list for PBXNativeTarget "GitX" */ = {
			isa = XCConfigurationList;
			buildConfigurations = (
				600FD403169FB4FB00277B06 /* Debug */,
				600FD404169FB4FB00277B06 /* Release */,
			);
			defaultConfigurationIsVisible = 0;
		};
/* End XCConfigurationList section */
	};
	rootObject = 600FD3D5169FB4FA00277B06 /* Project object */;
}
